
Microsoft Visual Studio Solution File, Format Version 12.00
# Visual Studio Version 17
VisualStudioVersion = 17.5.33530.505
MinimumVisualStudioVersion = 10.0.40219.1
Project("{FAE04EC0-301F-11D3-BF4B-00C04F79EFBC}") = "Pract7", "Pract7.csproj", "{D461231D-7B7C-4F75-8F4C-BB5DEF688D06}"
EndProject
Global
	GlobalSection(SolutionConfigurationPlatforms) = preSolution
		Debug|Any CPU = Debug|Any CPU
		Release|Any CPU = Release|Any CPU
	EndGlobalSection
	GlobalSection(ProjectConfigurationPlatforms) = postSolution
		{D461231D-7B7C-4F75-8F4C-BB5DEF688D06}.Debug|Any CPU.ActiveCfg = Debug|Any CPU
		{D461231D-7B7C-4F75-8F4C-BB5DEF688D06}.Debug|Any CPU.Build.0 = Debug|Any CPU
		{D461231D-7B7C-4F75-8F4C-BB5DEF688D06}.Release|Any CPU.ActiveCfg = Release|Any CPU
		{D461231D-7B7C-4F75-8F4C-BB5DEF688D06}.Release|Any CPU.Build.0 = Release|Any CPU
	EndGlobalSection
	GlobalSection(SolutionProperties) = preSolution
		HideSolutionNode = FALSE
	EndGlobalSection
	GlobalSection(ExtensibilityGlobals) = postSolution
		SolutionGuid = {132E0067-CA97-4502-BB2F-9906DEB96BBE}
	EndGlobalSection
EndGlobal
